{
  "name": "handitrainer",
  "version": "1.0.0",
  "lockfileVersion": 2,
  "requires": true,
  "packages": {
    "": {
      "name": "handitrainer",
      "version": "1.0.0",
      "license": "ISC",
      "dependencies": {
        "humanize-duration": "^3.27.0"
      }
    },
    "node_modules/humanize-duration": {
      "version": "3.27.0",
      "resolved": "https://registry.npmjs.org/humanize-duration/-/humanize-duration-3.27.0.tgz",
      "integrity": "sha512-qLo/08cNc3Tb0uD7jK0jAcU5cnqCM0n568918E7R2XhMr/+7F37p4EY062W/stg7tmzvknNn9b/1+UhVRzsYrQ=="
    }
  },
  "dependencies": {
    "humanize-duration": {
      "version": "3.27.0",
      "resolved": "https://registry.npmjs.org/humanize-duration/-/humanize-duration-3.27.0.tgz",
      "integrity": "sha512-qLo/08cNc3Tb0uD7jK0jAcU5cnqCM0n568918E7R2XhMr/+7F37p4EY062W/stg7tmzvknNn9b/1+UhVRzsYrQ=="
    }
  }
}
